
Microsoft Visual Studio Solution File, Format Version 12.00
# Visual Studio 14
VisualStudioVersion = 14.0.25420.1
MinimumVisualStudioVersion = 10.0.40219.1
Project("{FAE04EC0-301F-11D3-BF4B-00C04F79EFBC}") = "TypeBoundaries", "ConsoleApplication1\TypeBoundaries.csproj", "{12A66D89-ED3A-4F5E-93E0-F6C76DC7D6AC}"
EndProject
Project("{FAE04EC0-301F-11D3-BF4B-00C04F79EFBC}") = "NumberChecker", "NumberChecker\NumberChecker.csproj", "{5ED0720C-B886-4331-96E6-D39C6C4E7BE7}"
EndProject
Project("{FAE04EC0-301F-11D3-BF4B-00C04F79EFBC}") = "WaterOverflow", "WaterOverflow\WaterOverflow.csproj", "{D4EBA8FB-FBDF-44A1-9E8B-BAAFA8248B14}"
EndProject
Project("{FAE04EC0-301F-11D3-BF4B-00C04F79EFBC}") = "TouristInformation", "TouristInformation\TouristInformation.csproj", "{30E13CA9-AE96-47D5-9D00-A5053B4BC14B}"
EndProject
Project("{FAE04EC0-301F-11D3-BF4B-00C04F79EFBC}") = "WeatherForecast", "WeatherForecast\WeatherForecast.csproj", "{1A9456E2-34BE-41DE-9709-1E515CB03D44}"
EndProject
Project("{FAE04EC0-301F-11D3-BF4B-00C04F79EFBC}") = "CatchTheThief", "CatchTheThief\CatchTheThief.csproj", "{128C34AC-F287-4DD8-BCD3-8D78BA828B65}"
EndProject
Project("{FAE04EC0-301F-11D3-BF4B-00C04F79EFBC}") = "SentenceTheThief", "SentenceTheThief\SentenceTheThief.csproj", "{01846FD5-AB6B-4419-A693-83D2B2256F0D}"
EndProject
Project("{FAE04EC0-301F-11D3-BF4B-00C04F79EFBC}") = "HouseBuilder", "HouseBuilder\HouseBuilder.csproj", "{B7D04E23-4360-4486-AD1B-689B518D3654}"
EndProject
Project("{FAE04EC0-301F-11D3-BF4B-00C04F79EFBC}") = "MakeAWord", "MakeAWord\MakeAWord.csproj", "{0562E079-FD7F-414F-96C8-0EBF56707A8E}"
EndProject
Project("{FAE04EC0-301F-11D3-BF4B-00C04F79EFBC}") = "SumChars", "SumChars\SumChars.csproj", "{E0225422-69BA-4F9A-B9D4-9290945D466A}"
EndProject
Project("{FAE04EC0-301F-11D3-BF4B-00C04F79EFBC}") = "StringConcatenation", "StringConcatenation\StringConcatenation.csproj", "{939E85E8-1175-44BE-88F8-0464460A10B0}"
EndProject
Project("{FAE04EC0-301F-11D3-BF4B-00C04F79EFBC}") = "BeerKegs", "BeerKegs\BeerKegs.csproj", "{CFC6B17E-3D31-4847-B0F0-E77F0E006A30}"
EndProject
Project("{FAE04EC0-301F-11D3-BF4B-00C04F79EFBC}") = "DecryptingMessage", "DecryptingMessage\DecryptingMessage.csproj", "{337F2E65-AF10-4646-9558-FCE5F47BA5E0}"
EndProject
Project("{FAE04EC0-301F-11D3-BF4B-00C04F79EFBC}") = "BoatSimulator", "BoatSimulator\BoatSimulator.csproj", "{555BE963-9464-4D4C-A931-FE1C3DAEB959}"
EndProject
Project("{FAE04EC0-301F-11D3-BF4B-00C04F79EFBC}") = "BalancedBrackets", "BalancedBrackets\BalancedBrackets.csproj", "{B2EBFC84-CFC4-413F-A9FE-EAAF6444D4B4}"
EndProject
Global
	GlobalSection(SolutionConfigurationPlatforms) = preSolution
		Debug|Any CPU = Debug|Any CPU
		Release|Any CPU = Release|Any CPU
	EndGlobalSection
	GlobalSection(ProjectConfigurationPlatforms) = postSolution
		{12A66D89-ED3A-4F5E-93E0-F6C76DC7D6AC}.Debug|Any CPU.ActiveCfg = Debug|Any CPU
		{12A66D89-ED3A-4F5E-93E0-F6C76DC7D6AC}.Debug|Any CPU.Build.0 = Debug|Any CPU
		{12A66D89-ED3A-4F5E-93E0-F6C76DC7D6AC}.Release|Any CPU.ActiveCfg = Release|Any CPU
		{12A66D89-ED3A-4F5E-93E0-F6C76DC7D6AC}.Release|Any CPU.Build.0 = Release|Any CPU
		{5ED0720C-B886-4331-96E6-D39C6C4E7BE7}.Debug|Any CPU.ActiveCfg = Debug|Any CPU
		{5ED0720C-B886-4331-96E6-D39C6C4E7BE7}.Debug|Any CPU.Build.0 = Debug|Any CPU
		{5ED0720C-B886-4331-96E6-D39C6C4E7BE7}.Release|Any CPU.ActiveCfg = Release|Any CPU
		{5ED0720C-B886-4331-96E6-D39C6C4E7BE7}.Release|Any CPU.Build.0 = Release|Any CPU
		{D4EBA8FB-FBDF-44A1-9E8B-BAAFA8248B14}.Debug|Any CPU.ActiveCfg = Debug|Any CPU
		{D4EBA8FB-FBDF-44A1-9E8B-BAAFA8248B14}.Debug|Any CPU.Build.0 = Debug|Any CPU
		{D4EBA8FB-FBDF-44A1-9E8B-BAAFA8248B14}.Release|Any CPU.ActiveCfg = Release|Any CPU
		{D4EBA8FB-FBDF-44A1-9E8B-BAAFA8248B14}.Release|Any CPU.Build.0 = Release|Any CPU
		{30E13CA9-AE96-47D5-9D00-A5053B4BC14B}.Debug|Any CPU.ActiveCfg = Debug|Any CPU
		{30E13CA9-AE96-47D5-9D00-A5053B4BC14B}.Debug|Any CPU.Build.0 = Debug|Any CPU
		{30E13CA9-AE96-47D5-9D00-A5053B4BC14B}.Release|Any CPU.ActiveCfg = Release|Any CPU
		{30E13CA9-AE96-47D5-9D00-A5053B4BC14B}.Release|Any CPU.Build.0 = Release|Any CPU
		{1A9456E2-34BE-41DE-9709-1E515CB03D44}.Debug|Any CPU.ActiveCfg = Debug|Any CPU
		{1A9456E2-34BE-41DE-9709-1E515CB03D44}.Debug|Any CPU.Build.0 = Debug|Any CPU
		{1A9456E2-34BE-41DE-9709-1E515CB03D44}.Release|Any CPU.ActiveCfg = Release|Any CPU
		{1A9456E2-34BE-41DE-9709-1E515CB03D44}.Release|Any CPU.Build.0 = Release|Any CPU
		{128C34AC-F287-4DD8-BCD3-8D78BA828B65}.Debug|Any CPU.ActiveCfg = Debug|Any CPU
		{128C34AC-F287-4DD8-BCD3-8D78BA828B65}.Debug|Any CPU.Build.0 = Debug|Any CPU
		{128C34AC-F287-4DD8-BCD3-8D78BA828B65}.Release|Any CPU.ActiveCfg = Release|Any CPU
		{128C34AC-F287-4DD8-BCD3-8D78BA828B65}.Release|Any CPU.Build.0 = Release|Any CPU
		{01846FD5-AB6B-4419-A693-83D2B2256F0D}.Debug|Any CPU.ActiveCfg = Debug|Any CPU
		{01846FD5-AB6B-4419-A693-83D2B2256F0D}.Debug|Any CPU.Build.0 = Debug|Any CPU
		{01846FD5-AB6B-4419-A693-83D2B2256F0D}.Release|Any CPU.ActiveCfg = Release|Any CPU
		{01846FD5-AB6B-4419-A693-83D2B2256F0D}.Release|Any CPU.Build.0 = Release|Any CPU
		{B7D04E23-4360-4486-AD1B-689B518D3654}.Debug|Any CPU.ActiveCfg = Debug|Any CPU
		{B7D04E23-4360-4486-AD1B-689B518D3654}.Debug|Any CPU.Build.0 = Debug|Any CPU
		{B7D04E23-4360-4486-AD1B-689B518D3654}.Release|Any CPU.ActiveCfg = Release|Any CPU
		{B7D04E23-4360-4486-AD1B-689B518D3654}.Release|Any CPU.Build.0 = Release|Any CPU
		{0562E079-FD7F-414F-96C8-0EBF56707A8E}.Debug|Any CPU.ActiveCfg = Debug|Any CPU
		{0562E079-FD7F-414F-96C8-0EBF56707A8E}.Debug|Any CPU.Build.0 = Debug|Any CPU
		{0562E079-FD7F-414F-96C8-0EBF56707A8E}.Release|Any CPU.ActiveCfg = Release|Any CPU
		{0562E079-FD7F-414F-96C8-0EBF56707A8E}.Release|Any CPU.Build.0 = Release|Any CPU
		{E0225422-69BA-4F9A-B9D4-9290945D466A}.Debug|Any CPU.ActiveCfg = Debug|Any CPU
		{E0225422-69BA-4F9A-B9D4-9290945D466A}.Debug|Any CPU.Build.0 = Debug|Any CPU
		{E0225422-69BA-4F9A-B9D4-9290945D466A}.Release|Any CPU.ActiveCfg = Release|Any CPU
		{E0225422-69BA-4F9A-B9D4-9290945D466A}.Release|Any CPU.Build.0 = Release|Any CPU
		{939E85E8-1175-44BE-88F8-0464460A10B0}.Debug|Any CPU.ActiveCfg = Debug|Any CPU
		{939E85E8-1175-44BE-88F8-0464460A10B0}.Debug|Any CPU.Build.0 = Debug|Any CPU
		{939E85E8-1175-44BE-88F8-0464460A10B0}.Release|Any CPU.ActiveCfg = Release|Any CPU
		{939E85E8-1175-44BE-88F8-0464460A10B0}.Release|Any CPU.Build.0 = Release|Any CPU
		{CFC6B17E-3D31-4847-B0F0-E77F0E006A30}.Debug|Any CPU.ActiveCfg = Debug|Any CPU
		{CFC6B17E-3D31-4847-B0F0-E77F0E006A30}.Debug|Any CPU.Build.0 = Debug|Any CPU
		{CFC6B17E-3D31-4847-B0F0-E77F0E006A30}.Release|Any CPU.ActiveCfg = Release|Any CPU
		{CFC6B17E-3D31-4847-B0F0-E77F0E006A30}.Release|Any CPU.Build.0 = Release|Any CPU
		{337F2E65-AF10-4646-9558-FCE5F47BA5E0}.Debug|Any CPU.ActiveCfg = Debug|Any CPU
		{337F2E65-AF10-4646-9558-FCE5F47BA5E0}.Debug|Any CPU.Build.0 = Debug|Any CPU
		{337F2E65-AF10-4646-9558-FCE5F47BA5E0}.Release|Any CPU.ActiveCfg = Release|Any CPU
		{337F2E65-AF10-4646-9558-FCE5F47BA5E0}.Release|Any CPU.Build.0 = Release|Any CPU
		{555BE963-9464-4D4C-A931-FE1C3DAEB959}.Debug|Any CPU.ActiveCfg = Debug|Any CPU
		{555BE963-9464-4D4C-A931-FE1C3DAEB959}.Debug|Any CPU.Build.0 = Debug|Any CPU
		{555BE963-9464-4D4C-A931-FE1C3DAEB959}.Release|Any CPU.ActiveCfg = Release|Any CPU
		{555BE963-9464-4D4C-A931-FE1C3DAEB959}.Release|Any CPU.Build.0 = Release|Any CPU
		{B2EBFC84-CFC4-413F-A9FE-EAAF6444D4B4}.Debug|Any CPU.ActiveCfg = Debug|Any CPU
		{B2EBFC84-CFC4-413F-A9FE-EAAF6444D4B4}.Debug|Any CPU.Build.0 = Debug|Any CPU
		{B2EBFC84-CFC4-413F-A9FE-EAAF6444D4B4}.Release|Any CPU.ActiveCfg = Release|Any CPU
		{B2EBFC84-CFC4-413F-A9FE-EAAF6444D4B4}.Release|Any CPU.Build.0 = Release|Any CPU
	EndGlobalSection
	GlobalSection(SolutionProperties) = preSolution
		HideSolutionNode = FALSE
	EndGlobalSection
EndGlobal
